
Microsoft Visual Studio Solution File, Format Version 12.00
# Visual Studio 15
VisualStudioVersion = 15.0.27130.2036
MinimumVisualStudioVersion = 10.0.40219.1
Project("{9A19103F-16F7-4668-BE54-9A1E7A4F7556}") = "Kartamulia.Accounting.WebApi", "Kartamulia.Accounting.WebApi\Kartamulia.Accounting.WebApi.csproj", "{70B27E19-609C-49DC-A45E-EAEFEF29620E}"
EndProject
Project("{9A19103F-16F7-4668-BE54-9A1E7A4F7556}") = "Kartamulia.Accounting.Entities", "Kartamulia.Accounting.Entities\Kartamulia.Accounting.Entities.csproj", "{F10C233C-FC94-4F3D-B0FF-5D95DB576429}"
EndProject
Project("{9A19103F-16F7-4668-BE54-9A1E7A4F7556}") = "Kartamulia.Accounting.Repositories", "Kartamulia.Accounting.Repositories\Kartamulia.Accounting.Repositories.csproj", "{5CDAA4E2-9906-42A0-BF9F-233E06215DB7}"
EndProject
Project("{FAE04EC0-301F-11D3-BF4B-00C04F79EFBC}") = "Kartamulia.Accounting.BusinessRules", "Kartamulia.Accounting.BusinessRules\Kartamulia.Accounting.BusinessRules.csproj", "{E6DF5603-E499-4BF7-B48F-188AB9106D67}"
EndProject
Global
	GlobalSection(SolutionConfigurationPlatforms) = preSolution
		Debug|Any CPU = Debug|Any CPU
		Release|Any CPU = Release|Any CPU
	EndGlobalSection
	GlobalSection(ProjectConfigurationPlatforms) = postSolution
		{70B27E19-609C-49DC-A45E-EAEFEF29620E}.Debug|Any CPU.ActiveCfg = Debug|Any CPU
		{70B27E19-609C-49DC-A45E-EAEFEF29620E}.Debug|Any CPU.Build.0 = Debug|Any CPU
		{70B27E19-609C-49DC-A45E-EAEFEF29620E}.Release|Any CPU.ActiveCfg = Release|Any CPU
		{70B27E19-609C-49DC-A45E-EAEFEF29620E}.Release|Any CPU.Build.0 = Release|Any CPU
		{F10C233C-FC94-4F3D-B0FF-5D95DB576429}.Debug|Any CPU.ActiveCfg = Debug|Any CPU
		{F10C233C-FC94-4F3D-B0FF-5D95DB576429}.Debug|Any CPU.Build.0 = Debug|Any CPU
		{F10C233C-FC94-4F3D-B0FF-5D95DB576429}.Release|Any CPU.ActiveCfg = Release|Any CPU
		{F10C233C-FC94-4F3D-B0FF-5D95DB576429}.Release|Any CPU.Build.0 = Release|Any CPU
		{5CDAA4E2-9906-42A0-BF9F-233E06215DB7}.Debug|Any CPU.ActiveCfg = Debug|Any CPU
		{5CDAA4E2-9906-42A0-BF9F-233E06215DB7}.Debug|Any CPU.Build.0 = Debug|Any CPU
		{5CDAA4E2-9906-42A0-BF9F-233E06215DB7}.Release|Any CPU.ActiveCfg = Release|Any CPU
		{5CDAA4E2-9906-42A0-BF9F-233E06215DB7}.Release|Any CPU.Build.0 = Release|Any CPU
		{E6DF5603-E499-4BF7-B48F-188AB9106D67}.Debug|Any CPU.ActiveCfg = Debug|Any CPU
		{E6DF5603-E499-4BF7-B48F-188AB9106D67}.Debug|Any CPU.Build.0 = Debug|Any CPU
		{E6DF5603-E499-4BF7-B48F-188AB9106D67}.Release|Any CPU.ActiveCfg = Release|Any CPU
		{E6DF5603-E499-4BF7-B48F-188AB9106D67}.Release|Any CPU.Build.0 = Release|Any CPU
	EndGlobalSection
	GlobalSection(SolutionProperties) = preSolution
		HideSolutionNode = FALSE
	EndGlobalSection
	GlobalSection(ExtensibilityGlobals) = postSolution
		SolutionGuid = {12F3F93F-DFC8-4B44-945E-1BF802EA40FB}
	EndGlobalSection
EndGlobal
